version = 1
revision = 3
requires-python = ">=3.11"

[[package]]
name = "click"
version = "8.5.0"
source = { registry = "https://pypi.org/simple" }
sdist = { url = "https://files.pythonhosted.org/packages/c7/0e/7fa0ef50764b67090eca4114772a2abf8b6148198475e54c660b97caeee6/click-8.5.0.tar.gz", hash = "sha256:ba0d2089de75ea0310e2dde03160e6ca10009947fb95a182f9b54021bb272e34", size = 382235, upload-time = "2026-08-26T13:33:14.56Z" }
wheels = [
    { url = "https://files.pythonhosted.org/packages/58/50/6c0d534c5f134586a8e1ba4e330569e32f057e33372ae556463212fb4cd3/click-8.5.0-py3-none-any.whl", hash = "sha256:255bc9599cf7748b4b1a446ccc735421bd08a2ae529a8b88597d3de5664ee360", size = 125251, upload-time = "2026-08-26T13:33:12.928Z" },
]

[[package]]
name = "h11"
version = "0.16.0"
source = { registry = "https://pypi.org/simple" }
sdist = { url = "https://files.pythonhosted.org/packages/01/ee/02a2c011bdab74c6fb3c75474d40b3052059d95df7e73351460c8588d963/h11-0.16.0.tar.gz", hash = "sha256:4e35b956cf45792e4caa5885e69fba00bdbc6ffafbfa020300e549b208ee5ff1", size = 101250, upload-time = "2025-04-24T03:35:25.427Z" }
wheels = [
    { url = "https://files.pythonhosted.org/packages/04/4b/29cac41a4d98d144bf5f6d33995617b185d14b22401f75ca86f384e87ff1/h11-0.16.0-py3-none-any.whl", hash = "sha256:63cf8bbe7522de3bf65932fda1d9c2772064ffb3dae62d55932da54b31cb6c86", size = 37515, upload-time = "2025-04-24T03:35:24.344Z" },
]

[[package]]
name = "mido"
version = "1.3.3"
source = { registry = "https://pypi.org/simple" }
dependencies = [
    { name = "packaging" },
]
sdist = { url = "https://files.pythonhosted.org/packages/23/14/cfda3fe61ce4c0f50a9f707ae02b46cb53211732b2cd4522bf06272848f4/mido-1.3.3.tar.gz", hash = "sha256:1aecb30b7f282404f17e43768cbf74a6a31bf22b3b783bdd117a1ce9d22cb74c", size = 124288, upload-time = "2024-10-25T15:05:21.847Z" }
wheels = [
    { url = "https://files.pythonhosted.org/packages/fd/28/45deb15c11859d2f10702b32e71de9328a9fa494f989626916db39a9617f/mido-1.3.3-py3-none-any.whl", hash = "sha256:01033c9b10b049e4436fca2762194ca839b09a4334091dd3c34e7f4ae674fd8a", size = 54614, upload-time = "2024-10-25T15:05:20.349Z" },
]

[[package]]
name = "packaging"
version = "26.3"
source = { registry = "https://pypi.org/simple" }
sdist = { url = "https://files.pythonhosted.org/packages/7d/fa/3944b40b07da9ce895c0e6303a5ab7d53da063554f534556b134a54d6093/packaging-26.3.tar.gz", hash = "sha256:94edc256424af38762eb31306eed28beb9f0efc50a8837492c9d6fd6004aed79", size = 313412, upload-time = "2026-08-04T18:15:28.737Z" }
wheels = [
    { url = "https://files.pythonhosted.org/packages/63/34/ba1c580383c9eada3711951fef0795c80b829a078d72188184bcab9dd527/packaging-26.3-py3-none-any.whl", hash = "sha256:d7193f7c8e4e93f444fde0262bf90af30e16fa0ad0ad44cb553c87339b23cd1c", size = 129956, upload-time = "2026-08-04T18:15:27.159Z" },
]

[[package]]
name = "pylattice"
version = "0.1.0"
source = { editable = "." }
dependencies = [
    { name = "mido" },
    { name = "python-rtmidi", marker = "platform_python_implementation == 'CPython'" },
    { name = "stupidartnet" },
    { name = "uvicorn" },
]

[package.metadata]
requires-dist = [
    { name = "mido" },
    { name = "python-rtmidi", marker = "platform_python_implementation == 'CPython'" },
    { name = "stupidartnet", specifier = ">=1.6.0" },
    { name = "uvicorn" },
]

[[package]]
name = "python-rtmidi"
version = "1.5.8"
source = { registry = "https://pypi.org/simple" }
sdist = { url = "https://files.pythonhosted.org/packages/dd/ee/0f91965dcc471714c69df21e5ca3d94dc81411b7dee2d31ff1184bea07c9/python_rtmidi-1.5.8.tar.gz", hash = "sha256:7f9ade68b068ae09000ecb562ae9521da3a234361ad5449e83fc734544d004fa", size = 368130, upload-time = "2023-11-20T21:55:02.192Z" }
wheels = [
    { url = "https://files.pythonhosted.org/packages/4b/0c/23be16b75c90946784b8d233e61db14cf0482def5396821a1ae0bdcd2739/python_rtmidi-1.5.8-cp311-cp311-macosx_10_9_x86_64.whl", hash = "sha256:30d117193dcad8af67c600c405f53eb096e4ff84849760be14c97270af334922", size = 150205, upload-time = "2023-11-20T21:54:31.849Z" },
    { url = "https://files.pythonhosted.org/packages/4b/12/37d41151b08a292719f05dbeae15475537f8aa291cda34c6634b35916dff/python_rtmidi-1.5.8-cp311-cp311-macosx_11_0_arm64.whl", hash = "sha256:4e234dca7f9d783dd3f1e9c9c5c2f295f02b7af3085301d6eed3b428cf49d327", size = 146737, upload-time = "2023-11-20T21:54:33.299Z" },
    { url = "https://files.pythonhosted.org/packages/53/5e/b866491545135c699bfbed62f54b93c4d6587afc2bba6e2cbbe898570c32/python_rtmidi-1.5.8-cp311-cp311-manylinux_2_28_aarch64.whl", hash = "sha256:271d625c489fffb39b3edc5aba67f7c8e29a04a0a0f056ce19e5a888a08b4c59", size = 294847, upload-time = "2023-11-20T21:54:35.017Z" },
    { url = "https://files.pythonhosted.org/packages/a0/79/1ddb4fb1bdb1a8b8bd62007ca4980344a53b7f29633a7bca1088eed964ce/python_rtmidi-1.5.8-cp311-cp311-manylinux_2_28_x86_64.whl", hash = "sha256:46bbf32c8a4bf6c8f0df1c02a68689d0757f13cb7a69f27ccbbed3d7b2365918", size = 305433, upload-time = "2023-11-20T21:54:36.322Z" },
    { url = "https://files.pythonhosted.org/packages/13/ff/2c55797dbf020d462132d1bc5b34d596b400fa197e2a259b8dd2ea2e5954/python_rtmidi-1.5.8-cp311-cp311-win_amd64.whl", hash = "sha256:cfea32c91752fa7aecfe3d6827535c190ba0e646a9accd6604f4fc70cf4b780f", size = 132937, upload-time = "2023-11-20T21:54:38.3Z" },
    { url = "https://files.pythonhosted.org/packages/51/27/887b0378e0a907489a07bdeb808fa5ed349675245c6ee14d9f6d00304f96/python_rtmidi-1.5.8-cp312-cp312-macosx_10_9_x86_64.whl", hash = "sha256:5443634597eb340cdec0734f76267a827c2d366f00a6f9195141c78828016ac2", size = 158861, upload-time = "2023-11-20T21:54:39.549Z" },
    { url = "https://files.pythonhosted.org/packages/4d/ec/57cecde253daab896ce53778520cd41eb062641862ebdb0ee6f97511b1d9/python_rtmidi-1.5.8-cp312-cp312-macosx_11_0_arm64.whl", hash = "sha256:29d9c9d9f82ce679fecad7bb4cb79f3a24574ea84600e377194b4cc1baacec0e", size = 153416, upload-time = "2023-11-20T21:54:40.835Z" },
    { url = "https://files.pythonhosted.org/packages/6f/5b/dc19c53d9d512b74dc2cca3725591cc612b9465645695a0696352a8c8b54/python_rtmidi-1.5.8-cp312-cp312-manylinux_2_28_aarch64.whl", hash = "sha256:25f5a5db7be98911c41ca5bebb262fcf9a7c89600b88fd3c207ceafd3101e721", size = 305696, upload-time = "2023-11-20T21:54:42.037Z" },
    { url = "https://files.pythonhosted.org/packages/f6/92/5a60f56dfb2740e644e932233928947423cd2101895319b331f84527eb31/python_rtmidi-1.5.8-cp312-cp312-manylinux_2_28_x86_64.whl", hash = "sha256:cec30924e305f55284594ccf35a71dee7216fd308dfa2dec1b3ed03e6f243803", size = 315579, upload-time = "2023-11-20T21:54:43.339Z" },
    { url = "https://files.pythonhosted.org/packages/93/46/6af077d262f521ea2bf1ab60b8aad72f34fe6dd55af739176605369d449c/python_rtmidi-1.5.8-cp312-cp312-win_amd64.whl", hash = "sha256:052c89933cae4fca354012d8ca7248f4f9e1e3f062471409d48415a7f7d7e59e", size = 129755, upload-time = "2023-11-20T21:54:44.935Z" },
]

[[package]]
name = "stupidartnet"
version = "1.6.0"
source = { registry = "https://pypi.org/simple" }
sdist = { url = "https://files.pythonhosted.org/packages/6e/41/ef5ac9d70b6694c41b21d42b2ba7b73772f4713f7b7c2b3c8b5c091ffe7f/stupidartnet-1.6.0.tar.gz", hash = "sha256:0e4c0cd0b662c2663ce0397d6f990dbae91576ad7c10230863e96d8d78c21845", size = 14892, upload-time = "2025-03-12T19:59:17.598Z" }
wheels = [
    { url = "https://files.pythonhosted.org/packages/85/af/8ec0c05142bd915e9f95b85c238c0ae4a0ff61060c29b3b92a245b78139a/stupidartnet-1.6.0-py3-none-any.whl", hash = "sha256:b9b96fe23e759966b8692d99f0b6111f2b0a1b90b18e10a7bdc8a459ca3fe7c0", size = 12668, upload-time = "2025-03-12T19:59:16.453Z" },
]

[[package]]
name = "uvicorn"
version = "0.53.0"
source = { registry = "https://pypi.org/simple" }
dependencies = [
    { name = "click" },
    { name = "h11" },
]
sdist = { url = "https://files.pythonhosted.org/packages/5d/ad/04bbb797c84fc1f26cb171f7394716f4865ffb8d8c5e1eef42565c2dfa6b/uvicorn-0.53.0.tar.gz", hash = "sha256:a9356f0cb89b3b8621529c5d5eebd69bfe154f4c3f68b4cf2de47e45fa855c2e", size = 110881, upload-time = "2026-09-14T07:44:23.815Z" }
wheels = [
    { url = "https://files.pythonhosted.org/packages/76/18/0eea75741ee812e9f598b687619ce2454f6c3a1c5cd21ea990ec6bd26f45/uvicorn-0.53.0-py3-none-any.whl", hash = "sha256:e8dca71ec86dce5f04e333f0d56cdedf942446e6643b9cea1af0d6d3a02cb03e", size = 87081, upload-time = "2026-09-14T07:44:22.179Z" },
]
